// !$*UTF8*$!
{
	archiveVersion = 1;
	classes = {
	};
	objectVersion = 46;
	objects = {

/* Begin PBXBuildFile section */
		ACE2B79E1B552CD6000F6441 /* AppDelegate.swift in Sources */ = {isa = PBXBuildFile; fileRef = ACE2B79D1B552CD6000F6441 /* AppDelegate.swift */; };
		ACE2B7A31B552CD6000F6441 /* Main.storyboard in Resources */ = {isa = PBXBuildFile; fileRef = ACE2B7A11B552CD6000F6441 /* Main.storyboard */; };
		ACE2B7A51B552CD6000F6441 /* Images.xcassets in Resources */ = {isa = PBXBuildFile; fileRef = ACE2B7A41B552CD6000F6441 /* Images.xcassets */; };
		ACE2B7A81B552CD6000F6441 /* LaunchScreen.xib in Resources */ = {isa = PBXBuildFile; fileRef = ACE2B7A61B552CD6000F6441 /* LaunchScreen.xib */; };
		ACE2B7B41B552CD7000F6441 /* HappynessTests.swift in Sources */ = {isa = PBXBuildFile; fileRef = ACE2B7B31B552CD7000F6441 /* HappynessTests.swift */; };
		ACE2B7C01B552F28000F6441 /* FaceView.swift in Sources */ = {isa = PBXBuildFile; fileRef = ACE2B7BF1B552F28000F6441 /* FaceView.swift */; };
		ACE2B7C21B553035000F6441 /* HappynessViewController.swift in Sources */ = {isa = PBXBuildFile; fileRef = ACE2B7C11B553035000F6441 /* HappynessViewController.swift */; };
/* End PBXBuildFile section */

/* Begin PBXContainerItemProxy section */
		ACE2B7AE1B552CD7000F6441 /* PBXContainerItemProxy */ = {
			isa = PBXContainerItemProxy;
			containerPortal = ACE2B7901B552CD6000F6441 /* Project object */;
			proxyType = 1;
			remoteGlobalIDString = ACE2B7971B552CD6000F6441;
			remoteInfo = Happyness;
		};
/* End PBXContainerItemProxy section */

/* Begin PBXFileReference section */
		ACE2B7981B552CD6000F6441 /* Happyness.app */ = {isa = PBXFileReference; explicitFileType = wrapper.application; includeInIndex = 0; path = Happyness.app; sourceTree = BUILT_PRODUCTS_DIR; };
		ACE2B79C1B552CD6000F6441 /* Info.plist */ = {isa = PBXFileReference; lastKnownFileType = text.plist.xml; path = Info.plist; sourceTree = "<group>"; };
		ACE2B79D1B552CD6000F6441 /* AppDelegate.swift */ = {isa = PBXFileReference; lastKnownFileType = sourcecode.swift; path = AppDelegate.swift; sourceTree = "<group>"; };
		ACE2B7A21B552CD6000F6441 /* Base */ = {isa = PBXFileReference; lastKnownFileType = file.storyboard; name = Base; path = Base.lproj/Main.storyboard; sourceTree = "<group>"; };
		ACE2B7A41B552CD6000F6441 /* Images.xcassets */ = {isa = PBXFileReference; lastKnownFileType = folder.assetcatalog; path = Images.xcassets; sourceTree = "<group>"; };
		ACE2B7A71B552CD6000F6441 /* Base */ = {isa = PBXFileReference; lastKnownFileType = file.xib; name = Base; path = Base.lproj/LaunchScreen.xib; sourceTree = "<group>"; };
		ACE2B7AD1B552CD7000F6441 /* HappynessTests.xctest */ = {isa = PBXFileReference; explicitFileType = wrapper.cfbundle; includeInIndex = 0; path = HappynessTests.xctest; sourceTree = BUILT_PRODUCTS_DIR; };
		ACE2B7B21B552CD7000F6441 /* Info.plist */ = {isa = PBXFileReference; lastKnownFileType = text.plist.xml; path = Info.plist; sourceTree = "<group>"; };
		ACE2B7B31B552CD7000F6441 /* HappynessTests.swift */ = {isa = PBXFileReference; lastKnownFileType = sourcecode.swift; path = HappynessTests.swift; sourceTree = "<group>"; };
		ACE2B7BF1B552F28000F6441 /* FaceView.swift */ = {isa = PBXFileReference; fileEncoding = 4; lastKnownFileType = sourcecode.swift; path = FaceView.swift; sourceTree = "<group>"; };
		ACE2B7C11B553035000F6441 /* HappynessViewController.swift */ = {isa = PBXFileReference; fileEncoding = 4; lastKnownFileType = sourcecode.swift; path = HappynessViewController.swift; sourceTree = "<group>"; };
/* End PBXFileReference section */

/* Begin PBXFrameworksBuildPhase section */
		ACE2B7951B552CD6000F6441 /* Frameworks */ = {
			isa = PBXFrameworksBuildPhase;
			buildActionMask = 2147483647;
			files = (
			);
			runOnlyForDeploymentPostprocessing = 0;
		};
		ACE2B7AA1B552CD7000F6441 /* Frameworks */ = {
			isa = PBXFrameworksBuildPhase;
			buildActionMask = 2147483647;
			files = (
			);
			runOnlyForDeploymentPostprocessing = 0;
		};
/* End PBXFrameworksBuildPhase section */

/* Begin PBXGroup section */
		ACE2B78F1B552CD6000F6441 = {
			isa = PBXGroup;
			children = (
				ACE2B79A1B552CD6000F6441 /* Happyness */,
				ACE2B7B01B552CD7000F6441 /* HappynessTests */,
				ACE2B7991B552CD6000F6441 /* Products */,
			);
			sourceTree = "<group>";
		};
		ACE2B7991B552CD6000F6441 /* Products */ = {
			isa = PBXGroup;
			children = (
				ACE2B7981B552CD6000F6441 /* Happyness.app */,
				ACE2B7AD1B552CD7000F6441 /* HappynessTests.xctest */,
			);
			name = Products;
			sourceTree = "<group>";
		};
		ACE2B79A1B552CD6000F6441 /* Happyness */ = {
			isa = PBXGroup;
			children = (
				ACE2B7A11B552CD6000F6441 /* Main.storyboard */,
				ACE2B7BF1B552F28000F6441 /* FaceView.swift */,
				ACE2B7C11B553035000F6441 /* HappynessViewController.swift */,
				ACE2B79B1B552CD6000F6441 /* Supporting Files */,
			);
			path = Happyness;
			sourceTree = "<group>";
		};
		ACE2B79B1B552CD6000F6441 /* Supporting Files */ = {
			isa = PBXGroup;
			children = (
				ACE2B7A41B552CD6000F6441 /* Images.xcassets */,
				ACE2B7A61B552CD6000F6441 /* LaunchScreen.xib */,
				ACE2B79D1B552CD6000F6441 /* AppDelegate.swift */,
				ACE2B79C1B552CD6000F6441 /* Info.plist */,
			);
			name = "Supporting Files";
			sourceTree = "<group>";
		};
		ACE2B7B01B552CD7000F6441 /* HappynessTests */ = {
			isa = PBXGroup;
			children = (
				ACE2B7B31B552CD7000F6441 /* HappynessTests.swift */,
				ACE2B7B11B552CD7000F6441 /* Supporting Files */,
			);
			path = HappynessTests;
			sourceTree = "<group>";
		};
		ACE2B7B11B552CD7000F6441 /* Supporting Files */ = {
			isa = PBXGroup;
			children = (
				ACE2B7B21B552CD7000F6441 /* Info.plist */,
			);
			name = "Supporting Files";
			sourceTree = "<group>";
		};
/* End PBXGroup section */

/* Begin PBXNativeTarget section */
		ACE2B7971B552CD6000F6441 /* Happyness */ = {
			isa = PBXNativeTarget;
			buildConfigurationList = ACE2B7B71B552CD7000F6441 /* Build configuration list for PBXNativeTarget "Happyness" */;
			buildPhases = (
				ACE2B7941B552CD6000F6441 /* Sources */,
				ACE2B7951B552CD6000F6441 /* Frameworks */,
				ACE2B7961B552CD6000F6441 /* Resources */,
			);
			buildRules = (
			);
			dependencies = (
			);
			name = Happyness;
			productName = Happyness;
			productReference = ACE2B7981B552CD6000F6441 /* Happyness.app */;
			productType = "com.apple.product-type.application";
		};
		ACE2B7AC1B552CD7000F6441 /* HappynessTests */ = {
			isa = PBXNativeTarget;
			buildConfigurationList = ACE2B7BA1B552CD7000F6441 /* Build configuration list for PBXNativeTarget "HappynessTests" */;
			buildPhases = (
				ACE2B7A91B552CD7000F6441 /* Sources */,
				ACE2B7AA1B552CD7000F6441 /* Frameworks */,
				ACE2B7AB1B552CD7000F6441 /* Resources */,
			);
			buildRules = (
			);
			dependencies = (
				ACE2B7AF1B552CD7000F6441 /* PBXTargetDependency */,
			);
			name = HappynessTests;
			productName = HappynessTests;
			productReference = ACE2B7AD1B552CD7000F6441 /* HappynessTests.xctest */;
			productType = "com.apple.product-type.bundle.unit-test";
		};
/* End PBXNativeTarget section */

/* Begin PBXProject section */
		ACE2B7901B552CD6000F6441 /* Project object */ = {
			isa = PBXProject;
			attributes = {
				LastUpgradeCheck = 0630;
				ORGANIZATIONNAME = "杜晓辉";
				TargetAttributes = {
					ACE2B7971B552CD6000F6441 = {
						CreatedOnToolsVersion = 6.3.1;
					};
					ACE2B7AC1B552CD7000F6441 = {
						CreatedOnToolsVersion = 6.3.1;
						TestTargetID = ACE2B7971B552CD6000F6441;
					};
				};
			};
			buildConfigurationList = ACE2B7931B552CD6000F6441 /* Build configuration list for PBXProject "Happyness" */;
			compatibilityVersion = "Xcode 3.2";
			developmentRegion = English;
			hasScannedForEncodings = 0;
			knownRegions = (
				en,
				Base,
			);
			mainGroup = ACE2B78F1B552CD6000F6441;
			productRefGroup = ACE2B7991B552CD6000F6441 /* Products */;
			projectDirPath = "";
			projectRoot = "";
			targets = (
				ACE2B7971B552CD6000F6441 /* Happyness */,
				ACE2B7AC1B552CD7000F6441 /* HappynessTests */,
			);
		};
/* End PBXProject section */

/* Begin PBXResourcesBuildPhase section */
		ACE2B7961B552CD6000F6441 /* Resources */ = {
			isa = PBXResourcesBuildPhase;
			buildActionMask = 2147483647;
			files = (
				ACE2B7A31B552CD6000F6441 /* Main.storyboard in Resources */,
				ACE2B7A81B552CD6000F6441 /* LaunchScreen.xib in Resources */,
				ACE2B7A51B552CD6000F6441 /* Images.xcassets in Resources */,
			);
			runOnlyForDeploymentPostprocessing = 0;
		};
		ACE2B7AB1B552CD7000F6441 /* Resources */ = {
			isa = PBXResourcesBuildPhase;
			buildActionMask = 2147483647;
			files = (
			);
			runOnlyForDeploymentPostprocessing = 0;
		};
/* End PBXResourcesBuildPhase section */

/* Begin PBXSourcesBuildPhase section */
		ACE2B7941B552CD6000F6441 /* Sources */ = {
			isa = PBXSourcesBuildPhase;
			buildActionMask = 2147483647;
			files = (
				ACE2B7C21B553035000F6441 /* HappynessViewController.swift in Sources */,
				ACE2B79E1B552CD6000F6441 /* AppDelegate.swift in Sources */,
				ACE2B7C01B552F28000F6441 /* FaceView.swift in Sources */,
			);
			runOnlyForDeploymentPostprocessing = 0;
		};
		ACE2B7A91B552CD7000F6441 /* Sources */ = {
			isa = PBXSourcesBuildPhase;
			buildActionMask = 2147483647;
			files = (
				ACE2B7B41B552CD7000F6441 /* HappynessTests.swift in Sources */,
			);
			runOnlyForDeploymentPostprocessing = 0;
		};
/* End PBXSourcesBuildPhase section */

/* Begin PBXTargetDependency section */
		ACE2B7AF1B552CD7000F6441 /* PBXTargetDependency */ = {
			isa = PBXTargetDependency;
			target = ACE2B7971B552CD6000F6441 /* Happyness */;
			targetProxy = ACE2B7AE1B552CD7000F6441 /* PBXContainerItemProxy */;
		};
/* End PBXTargetDependency section */

/* Begin PBXVariantGroup section */
		ACE2B7A11B552CD6000F6441 /* Main.storyboard */ = {
			isa = PBXVariantGroup;
			children = (
				ACE2B7A21B552CD6000F6441 /* Base */,
			);
			name = Main.storyboard;
			sourceTree = "<group>";
		};
		ACE2B7A61B552CD6000F6441 /* LaunchScreen.xib */ = {
			isa = PBXVariantGroup;
			children = (
				ACE2B7A71B552CD6000F6441 /* Base */,
			);
			name = LaunchScreen.xib;
			sourceTree = "<group>";
		};
/* End PBXVariantGroup section */

/* Begin XCBuildConfiguration section */
		ACE2B7B51B552CD7000F6441 /* Debug */ = {
			isa = XCBuildConfiguration;
			buildSettings = {
				ALWAYS_SEARCH_USER_PATHS = NO;
				CLANG_CXX_LANGUAGE_STANDARD = "gnu++0x";
				CLANG_CXX_LIBRARY = "libc++";
				CLANG_ENABLE_MODULES = YES;
				CLANG_ENABLE_OBJC_ARC = YES;
				CLANG_WARN_BOOL_CONVERSION = YES;
				CLANG_WARN_CONSTANT_CONVERSION = YES;
				CLANG_WARN_DIRECT_OBJC_ISA_USAGE = YES_ERROR;
				CLANG_WARN_EMPTY_BODY = YES;
				CLANG_WARN_ENUM_CONVERSION = YES;
				CLANG_WARN_INT_CONVERSION = YES;
				CLANG_WARN_OBJC_ROOT_CLASS = YES_ERROR;
				CLANG_WARN_UNREACHABLE_CODE = YES;
				CLANG_WARN__DUPLICATE_METHOD_MATCH = YES;
				"CODE_SIGN_IDENTITY[sdk=iphoneos*]" = "iPhone Developer";
				COPY_PHASE_STRIP = NO;
				DEBUG_INFORMATION_FORMAT = "dwarf-with-dsym";
				ENABLE_STRICT_OBJC_MSGSEND = YES;
				GCC_C_LANGUAGE_STANDARD = gnu99;
				GCC_DYNAMIC_NO_PIC = NO;
				GCC_NO_COMMON_BLOCKS = YES;
				GCC_OPTIMIZATION_LEVEL = 0;
				GCC_PREPROCESSOR_DEFINITIONS = (
					"DEBUG=1",
					"$(inherited)",
				);
				GCC_SYMBOLS_PRIVATE_EXTERN = NO;
				GCC_WARN_64_TO_32_BIT_CONVERSION = YES;
				GCC_WARN_ABOUT_RETURN_TYPE = YES_ERROR;
				GCC_WARN_UNDECLARED_SELECTOR = YES;
				GCC_WARN_UNINITIALIZED_AUTOS = YES_AGGRESSIVE;
				GCC_WARN_UNUSED_FUNCTION = YES;
				GCC_WARN_UNUSED_VARIABLE = YES;
				IPHONEOS_DEPLOYMENT_TARGET = 8.3;
				MTL_ENABLE_DEBUG_INFO = YES;
				ONLY_ACTIVE_ARCH = YES;
				SDKROOT = iphoneos;
				SWIFT_OPTIMIZATION_LEVEL = "-Onone";
				TARGETED_DEVICE_FAMILY = "1,2";
			};
			name = Debug;
		};
		ACE2B7B61B552CD7000F6441 /* Release */ = {
			isa = XCBuildConfiguration;
			buildSettings = {
				ALWAYS_SEARCH_USER_PATHS = NO;
				CLANG_CXX_LANGUAGE_STANDARD = "gnu++0x";
				CLANG_CXX_LIBRARY = "libc++";
				CLANG_ENABLE_MODULES = YES;
				CLANG_ENABLE_OBJC_ARC = YES;
				CLANG_WARN_BOOL_CONVERSION = YES;
				CLANG_WARN_CONSTANT_CONVERSION = YES;
				CLANG_WARN_DIRECT_OBJC_ISA_USAGE = YES_ERROR;
				CLANG_WARN_EMPTY_BODY = YES;
				CLANG_WARN_ENUM_CONVERSION = YES;
				CLANG_WARN_INT_CONVERSION = YES;
				CLANG_WARN_OBJC_ROOT_CLASS = YES_ERROR;
				CLANG_WARN_UNREACHABLE_CODE = YES;
				CLANG_WARN__DUPLICATE_METHOD_MATCH = YES;
				"CODE_SIGN_IDENTITY[sdk=iphoneos*]" = "iPhone Developer";
				COPY_PHASE_STRIP = NO;
				DEBUG_INFORMATION_FORMAT = "dwarf-with-dsym";
				ENABLE_NS_ASSERTIONS = NO;
				ENABLE_STRICT_OBJC_MSGSEND = YES;
				GCC_C_LANGUAGE_STANDARD = gnu99;
				GCC_NO_COMMON_BLOCKS = YES;
				GCC_WARN_64_TO_32_BIT_CONVERSION = YES;
				GCC_WARN_ABOUT_RETURN_TYPE = YES_ERROR;
				GCC_WARN_UNDECLARED_SELECTOR = YES;
				GCC_WARN_UNINITIALIZED_AUTOS = YES_AGGRESSIVE;
				GCC_WARN_UNUSED_FUNCTION = YES;
				GCC_WARN_UNUSED_VARIABLE = YES;
				IPHONEOS_DEPLOYMENT_TARGET = 8.3;
				MTL_ENABLE_DEBUG_INFO = NO;
				SDKROOT = iphoneos;
				TARGETED_DEVICE_FAMILY = "1,2";
				VALIDATE_PRODUCT = YES;
			};
			name = Release;
		};
		ACE2B7B81B552CD7000F6441 /* Debug */ = {
			isa = XCBuildConfiguration;
			buildSettings = {
				ASSETCATALOG_COMPILER_APPICON_NAME = AppIcon;
				INFOPLIST_FILE = Happyness/Info.plist;
				LD_RUNPATH_SEARCH_PATHS = "$(inherited) @executable_path/Frameworks";
				PRODUCT_NAME = "$(TARGET_NAME)";
			};
			name = Debug;
		};
		ACE2B7B91B552CD7000F6441 /* Release */ = {
			isa = XCBuildConfiguration;
			buildSettings = {
				ASSETCATALOG_COMPILER_APPICON_NAME = AppIcon;
				INFOPLIST_FILE = Happyness/Info.plist;
				LD_RUNPATH_SEARCH_PATHS = "$(inherited) @executable_path/Frameworks";
				PRODUCT_NAME = "$(TARGET_NAME)";
			};
			name = Release;
		};
		ACE2B7BB1B552CD7000F6441 /* Debug */ = {
			isa = XCBuildConfiguration;
			buildSettings = {
				BUNDLE_LOADER = "$(TEST_HOST)";
				FRAMEWORK_SEARCH_PATHS = (
					"$(SDKROOT)/Developer/Library/Frameworks",
					"$(inherited)",
				);
				GCC_PREPROCESSOR_DEFINITIONS = (
					"DEBUG=1",
					"$(inherited)",
				);
				INFOPLIST_FILE = HappynessTests/Info.plist;
				LD_RUNPATH_SEARCH_PATHS = "$(inherited) @executable_path/Frameworks @loader_path/Frameworks";
				PRODUCT_NAME = "$(TARGET_NAME)";
				TEST_HOST = "$(BUILT_PRODUCTS_DIR)/Happyness.app/Happyness";
			};
			name = Debug;
		};
		ACE2B7BC1B552CD7000F6441 /* Release */ = {
			isa = XCBuildConfiguration;
			buildSettings = {
				BUNDLE_LOADER = "$(TEST_HOST)";
				FRAMEWORK_SEARCH_PATHS = (
					"$(SDKROOT)/Developer/Library/Frameworks",
					"$(inherited)",
				);
				INFOPLIST_FILE = HappynessTests/Info.plist;
				LD_RUNPATH_SEARCH_PATHS = "$(inherited) @executable_path/Frameworks @loader_path/Frameworks";
				PRODUCT_NAME = "$(TARGET_NAME)";
				TEST_HOST = "$(BUILT_PRODUCTS_DIR)/Happyness.app/Happyness";
			};
			name = Release;
		};
/* End XCBuildConfiguration section */

/* Begin XCConfigurationList section */
		ACE2B7931B552CD6000F6441 /* Build configuration list for PBXProject "Happyness" */ = {
			isa = XCConfigurationList;
			buildConfigurations = (
				ACE2B7B51B552CD7000F6441 /* Debug */,
				ACE2B7B61B552CD7000F6441 /* Release */,
			);
			defaultConfigurationIsVisible = 0;
			defaultConfigurationName = Release;
		};
		ACE2B7B71B552CD7000F6441 /* Build configuration list for PBXNativeTarget "Happyness" */ = {
			isa = XCConfigurationList;
			buildConfigurations = (
				ACE2B7B81B552CD7000F6441 /* Debug */,
				ACE2B7B91B552CD7000F6441 /* Release */,
			);
			defaultConfigurationIsVisible = 0;
		};
		ACE2B7BA1B552CD7000F6441 /* Build configuration list for PBXNativeTarget "HappynessTests" */ = {
			isa = XCConfigurationList;
			buildConfigurations = (
				ACE2B7BB1B552CD7000F6441 /* Debug */,
				ACE2B7BC1B552CD7000F6441 /* Release */,
			);
			defaultConfigurationIsVisible = 0;
		};
/* End XCConfigurationList section */
	};
	rootObject = ACE2B7901B552CD6000F6441 /* Project object */;
}
