// !$*UTF8*$!
{
	archiveVersion = 1;
	classes = {
	};
	objectVersion = 46;
	objects = {

/* Begin PBXBuildFile section */
		0C08D54219C72C690047209D /* TextStatsViewController.m in Sources */ = {isa = PBXBuildFile; fileRef = 0C08D54119C72C690047209D /* TextStatsViewController.m */; };
		0CEB976619C3DD9E0059C736 /* main.m in Sources */ = {isa = PBXBuildFile; fileRef = 0CEB976519C3DD9E0059C736 /* main.m */; };
		0CEB976919C3DD9E0059C736 /* AppDelegate.m in Sources */ = {isa = PBXBuildFile; fileRef = 0CEB976819C3DD9E0059C736 /* AppDelegate.m */; };
		0CEB976C19C3DD9E0059C736 /* ViewController.m in Sources */ = {isa = PBXBuildFile; fileRef = 0CEB976B19C3DD9E0059C736 /* ViewController.m */; };
		0CEB976F19C3DD9E0059C736 /* Main.storyboard in Resources */ = {isa = PBXBuildFile; fileRef = 0CEB976D19C3DD9E0059C736 /* Main.storyboard */; };
		0CEB977119C3DD9E0059C736 /* Images.xcassets in Resources */ = {isa = PBXBuildFile; fileRef = 0CEB977019C3DD9E0059C736 /* Images.xcassets */; };
		0CEB977D19C3DD9E0059C736 /* AttributorTests.m in Sources */ = {isa = PBXBuildFile; fileRef = 0CEB977C19C3DD9E0059C736 /* AttributorTests.m */; };
/* End PBXBuildFile section */

/* Begin PBXContainerItemProxy section */
		0CEB977719C3DD9E0059C736 /* PBXContainerItemProxy */ = {
			isa = PBXContainerItemProxy;
			containerPortal = 0CEB975819C3DD9E0059C736 /* Project object */;
			proxyType = 1;
			remoteGlobalIDString = 0CEB975F19C3DD9E0059C736;
			remoteInfo = Attributor;
		};
/* End PBXContainerItemProxy section */

/* Begin PBXFileReference section */
		0C08D54019C72C690047209D /* TextStatsViewController.h */ = {isa = PBXFileReference; fileEncoding = 4; lastKnownFileType = sourcecode.c.h; path = TextStatsViewController.h; sourceTree = "<group>"; };
		0C08D54119C72C690047209D /* TextStatsViewController.m */ = {isa = PBXFileReference; fileEncoding = 4; lastKnownFileType = sourcecode.c.objc; path = TextStatsViewController.m; sourceTree = "<group>"; };
		0CEB976019C3DD9E0059C736 /* Attributor.app */ = {isa = PBXFileReference; explicitFileType = wrapper.application; includeInIndex = 0; path = Attributor.app; sourceTree = BUILT_PRODUCTS_DIR; };
		0CEB976419C3DD9E0059C736 /* Info.plist */ = {isa = PBXFileReference; lastKnownFileType = text.plist.xml; path = Info.plist; sourceTree = "<group>"; };
		0CEB976519C3DD9E0059C736 /* main.m */ = {isa = PBXFileReference; lastKnownFileType = sourcecode.c.objc; path = main.m; sourceTree = "<group>"; };
		0CEB976719C3DD9E0059C736 /* AppDelegate.h */ = {isa = PBXFileReference; lastKnownFileType = sourcecode.c.h; path = AppDelegate.h; sourceTree = "<group>"; };
		0CEB976819C3DD9E0059C736 /* AppDelegate.m */ = {isa = PBXFileReference; lastKnownFileType = sourcecode.c.objc; path = AppDelegate.m; sourceTree = "<group>"; };
		0CEB976A19C3DD9E0059C736 /* ViewController.h */ = {isa = PBXFileReference; lastKnownFileType = sourcecode.c.h; path = ViewController.h; sourceTree = "<group>"; };
		0CEB976B19C3DD9E0059C736 /* ViewController.m */ = {isa = PBXFileReference; lastKnownFileType = sourcecode.c.objc; path = ViewController.m; sourceTree = "<group>"; };
		0CEB976E19C3DD9E0059C736 /* Base */ = {isa = PBXFileReference; lastKnownFileType = file.storyboard; name = Base; path = Base.lproj/Main.storyboard; sourceTree = "<group>"; };
		0CEB977019C3DD9E0059C736 /* Images.xcassets */ = {isa = PBXFileReference; lastKnownFileType = folder.assetcatalog; path = Images.xcassets; sourceTree = "<group>"; };
		0CEB977619C3DD9E0059C736 /* AttributorTests.xctest */ = {isa = PBXFileReference; explicitFileType = wrapper.cfbundle; includeInIndex = 0; path = AttributorTests.xctest; sourceTree = BUILT_PRODUCTS_DIR; };
		0CEB977B19C3DD9E0059C736 /* Info.plist */ = {isa = PBXFileReference; lastKnownFileType = text.plist.xml; path = Info.plist; sourceTree = "<group>"; };
		0CEB977C19C3DD9E0059C736 /* AttributorTests.m */ = {isa = PBXFileReference; lastKnownFileType = sourcecode.c.objc; path = AttributorTests.m; sourceTree = "<group>"; };
/* End PBXFileReference section */

/* Begin PBXFrameworksBuildPhase section */
		0CEB975D19C3DD9E0059C736 /* Frameworks */ = {
			isa = PBXFrameworksBuildPhase;
			buildActionMask = 2147483647;
			files = (
			);
			runOnlyForDeploymentPostprocessing = 0;
		};
		0CEB977319C3DD9E0059C736 /* Frameworks */ = {
			isa = PBXFrameworksBuildPhase;
			buildActionMask = 2147483647;
			files = (
			);
			runOnlyForDeploymentPostprocessing = 0;
		};
/* End PBXFrameworksBuildPhase section */

/* Begin PBXGroup section */
		0CEB975719C3DD9E0059C736 = {
			isa = PBXGroup;
			children = (
				0CEB976219C3DD9E0059C736 /* Attributor */,
				0CEB977919C3DD9E0059C736 /* AttributorTests */,
				0CEB976119C3DD9E0059C736 /* Products */,
			);
			sourceTree = "<group>";
		};
		0CEB976119C3DD9E0059C736 /* Products */ = {
			isa = PBXGroup;
			children = (
				0CEB976019C3DD9E0059C736 /* Attributor.app */,
				0CEB977619C3DD9E0059C736 /* AttributorTests.xctest */,
			);
			name = Products;
			sourceTree = "<group>";
		};
		0CEB976219C3DD9E0059C736 /* Attributor */ = {
			isa = PBXGroup;
			children = (
				0CEB976A19C3DD9E0059C736 /* ViewController.h */,
				0CEB976B19C3DD9E0059C736 /* ViewController.m */,
				0CEB976D19C3DD9E0059C736 /* Main.storyboard */,
				0C08D54019C72C690047209D /* TextStatsViewController.h */,
				0C08D54119C72C690047209D /* TextStatsViewController.m */,
				0CEB977019C3DD9E0059C736 /* Images.xcassets */,
				0CEB976319C3DD9E0059C736 /* Supporting Files */,
			);
			path = Attributor;
			sourceTree = "<group>";
		};
		0CEB976319C3DD9E0059C736 /* Supporting Files */ = {
			isa = PBXGroup;
			children = (
				0CEB976719C3DD9E0059C736 /* AppDelegate.h */,
				0CEB976819C3DD9E0059C736 /* AppDelegate.m */,
				0CEB976419C3DD9E0059C736 /* Info.plist */,
				0CEB976519C3DD9E0059C736 /* main.m */,
			);
			name = "Supporting Files";
			sourceTree = "<group>";
		};
		0CEB977919C3DD9E0059C736 /* AttributorTests */ = {
			isa = PBXGroup;
			children = (
				0CEB977C19C3DD9E0059C736 /* AttributorTests.m */,
				0CEB977A19C3DD9E0059C736 /* Supporting Files */,
			);
			path = AttributorTests;
			sourceTree = "<group>";
		};
		0CEB977A19C3DD9E0059C736 /* Supporting Files */ = {
			isa = PBXGroup;
			children = (
				0CEB977B19C3DD9E0059C736 /* Info.plist */,
			);
			name = "Supporting Files";
			sourceTree = "<group>";
		};
/* End PBXGroup section */

/* Begin PBXNativeTarget section */
		0CEB975F19C3DD9E0059C736 /* Attributor */ = {
			isa = PBXNativeTarget;
			buildConfigurationList = 0CEB978019C3DD9E0059C736 /* Build configuration list for PBXNativeTarget "Attributor" */;
			buildPhases = (
				0CEB975C19C3DD9E0059C736 /* Sources */,
				0CEB975D19C3DD9E0059C736 /* Frameworks */,
				0CEB975E19C3DD9E0059C736 /* Resources */,
			);
			buildRules = (
			);
			dependencies = (
			);
			name = Attributor;
			productName = Attributor;
			productReference = 0CEB976019C3DD9E0059C736 /* Attributor.app */;
			productType = "com.apple.product-type.application";
		};
		0CEB977519C3DD9E0059C736 /* AttributorTests */ = {
			isa = PBXNativeTarget;
			buildConfigurationList = 0CEB978319C3DD9E0059C736 /* Build configuration list for PBXNativeTarget "AttributorTests" */;
			buildPhases = (
				0CEB977219C3DD9E0059C736 /* Sources */,
				0CEB977319C3DD9E0059C736 /* Frameworks */,
				0CEB977419C3DD9E0059C736 /* Resources */,
			);
			buildRules = (
			);
			dependencies = (
				0CEB977819C3DD9E0059C736 /* PBXTargetDependency */,
			);
			name = AttributorTests;
			productName = AttributorTests;
			productReference = 0CEB977619C3DD9E0059C736 /* AttributorTests.xctest */;
			productType = "com.apple.product-type.bundle.unit-test";
		};
/* End PBXNativeTarget section */

/* Begin PBXProject section */
		0CEB975819C3DD9E0059C736 /* Project object */ = {
			isa = PBXProject;
			attributes = {
				CLASSPREFIX = Attibutor;
				LastUpgradeCheck = 0600;
				ORGANIZATIONNAME = duxiaohui;
				TargetAttributes = {
					0CEB975F19C3DD9E0059C736 = {
						CreatedOnToolsVersion = 6.0;
					};
					0CEB977519C3DD9E0059C736 = {
						CreatedOnToolsVersion = 6.0;
						TestTargetID = 0CEB975F19C3DD9E0059C736;
					};
				};
			};
			buildConfigurationList = 0CEB975B19C3DD9E0059C736 /* Build configuration list for PBXProject "Attributor" */;
			compatibilityVersion = "Xcode 3.2";
			developmentRegion = English;
			hasScannedForEncodings = 0;
			knownRegions = (
				en,
				Base,
			);
			mainGroup = 0CEB975719C3DD9E0059C736;
			productRefGroup = 0CEB976119C3DD9E0059C736 /* Products */;
			projectDirPath = "";
			projectRoot = "";
			targets = (
				0CEB975F19C3DD9E0059C736 /* Attributor */,
				0CEB977519C3DD9E0059C736 /* AttributorTests */,
			);
		};
/* End PBXProject section */

/* Begin PBXResourcesBuildPhase section */
		0CEB975E19C3DD9E0059C736 /* Resources */ = {
			isa = PBXResourcesBuildPhase;
			buildActionMask = 2147483647;
			files = (
				0CEB976F19C3DD9E0059C736 /* Main.storyboard in Resources */,
				0CEB977119C3DD9E0059C736 /* Images.xcassets in Resources */,
			);
			runOnlyForDeploymentPostprocessing = 0;
		};
		0CEB977419C3DD9E0059C736 /* Resources */ = {
			isa = PBXResourcesBuildPhase;
			buildActionMask = 2147483647;
			files = (
			);
			runOnlyForDeploymentPostprocessing = 0;
		};
/* End PBXResourcesBuildPhase section */

/* Begin PBXSourcesBuildPhase section */
		0CEB975C19C3DD9E0059C736 /* Sources */ = {
			isa = PBXSourcesBuildPhase;
			buildActionMask = 2147483647;
			files = (
				0CEB976C19C3DD9E0059C736 /* ViewController.m in Sources */,
				0CEB976919C3DD9E0059C736 /* AppDelegate.m in Sources */,
				0CEB976619C3DD9E0059C736 /* main.m in Sources */,
				0C08D54219C72C690047209D /* TextStatsViewController.m in Sources */,
			);
			runOnlyForDeploymentPostprocessing = 0;
		};
		0CEB977219C3DD9E0059C736 /* Sources */ = {
			isa = PBXSourcesBuildPhase;
			buildActionMask = 2147483647;
			files = (
				0CEB977D19C3DD9E0059C736 /* AttributorTests.m in Sources */,
			);
			runOnlyForDeploymentPostprocessing = 0;
		};
/* End PBXSourcesBuildPhase section */

/* Begin PBXTargetDependency section */
		0CEB977819C3DD9E0059C736 /* PBXTargetDependency */ = {
			isa = PBXTargetDependency;
			target = 0CEB975F19C3DD9E0059C736 /* Attributor */;
			targetProxy = 0CEB977719C3DD9E0059C736 /* PBXContainerItemProxy */;
		};
/* End PBXTargetDependency section */

/* Begin PBXVariantGroup section */
		0CEB976D19C3DD9E0059C736 /* Main.storyboard */ = {
			isa = PBXVariantGroup;
			children = (
				0CEB976E19C3DD9E0059C736 /* Base */,
			);
			name = Main.storyboard;
			sourceTree = "<group>";
		};
/* End PBXVariantGroup section */

/* Begin XCBuildConfiguration section */
		0CEB977E19C3DD9E0059C736 /* Debug */ = {
			isa = XCBuildConfiguration;
			buildSettings = {
				ALWAYS_SEARCH_USER_PATHS = NO;
				CLANG_CXX_LANGUAGE_STANDARD = "gnu++0x";
				CLANG_CXX_LIBRARY = "libc++";
				CLANG_ENABLE_MODULES = YES;
				CLANG_ENABLE_OBJC_ARC = YES;
				CLANG_WARN_BOOL_CONVERSION = YES;
				CLANG_WARN_CONSTANT_CONVERSION = YES;
				CLANG_WARN_DIRECT_OBJC_ISA_USAGE = YES_ERROR;
				CLANG_WARN_EMPTY_BODY = YES;
				CLANG_WARN_ENUM_CONVERSION = YES;
				CLANG_WARN_INT_CONVERSION = YES;
				CLANG_WARN_OBJC_ROOT_CLASS = YES_ERROR;
				CLANG_WARN_UNREACHABLE_CODE = YES;
				CLANG_WARN__DUPLICATE_METHOD_MATCH = YES;
				"CODE_SIGN_IDENTITY[sdk=iphoneos*]" = "iPhone Developer";
				COPY_PHASE_STRIP = NO;
				ENABLE_STRICT_OBJC_MSGSEND = YES;
				GCC_C_LANGUAGE_STANDARD = gnu99;
				GCC_DYNAMIC_NO_PIC = NO;
				GCC_OPTIMIZATION_LEVEL = 0;
				GCC_PREPROCESSOR_DEFINITIONS = (
					"DEBUG=1",
					"$(inherited)",
				);
				GCC_SYMBOLS_PRIVATE_EXTERN = NO;
				GCC_WARN_64_TO_32_BIT_CONVERSION = YES;
				GCC_WARN_ABOUT_RETURN_TYPE = YES_ERROR;
				GCC_WARN_UNDECLARED_SELECTOR = YES;
				GCC_WARN_UNINITIALIZED_AUTOS = YES_AGGRESSIVE;
				GCC_WARN_UNUSED_FUNCTION = YES;
				GCC_WARN_UNUSED_VARIABLE = YES;
				IPHONEOS_DEPLOYMENT_TARGET = 8.0;
				METAL_ENABLE_DEBUG_INFO = YES;
				ONLY_ACTIVE_ARCH = YES;
				SDKROOT = iphoneos;
			};
			name = Debug;
		};
		0CEB977F19C3DD9E0059C736 /* Release */ = {
			isa = XCBuildConfiguration;
			buildSettings = {
				ALWAYS_SEARCH_USER_PATHS = NO;
				CLANG_CXX_LANGUAGE_STANDARD = "gnu++0x";
				CLANG_CXX_LIBRARY = "libc++";
				CLANG_ENABLE_MODULES = YES;
				CLANG_ENABLE_OBJC_ARC = YES;
				CLANG_WARN_BOOL_CONVERSION = YES;
				CLANG_WARN_CONSTANT_CONVERSION = YES;
				CLANG_WARN_DIRECT_OBJC_ISA_USAGE = YES_ERROR;
				CLANG_WARN_EMPTY_BODY = YES;
				CLANG_WARN_ENUM_CONVERSION = YES;
				CLANG_WARN_INT_CONVERSION = YES;
				CLANG_WARN_OBJC_ROOT_CLASS = YES_ERROR;
				CLANG_WARN_UNREACHABLE_CODE = YES;
				CLANG_WARN__DUPLICATE_METHOD_MATCH = YES;
				"CODE_SIGN_IDENTITY[sdk=iphoneos*]" = "iPhone Developer";
				COPY_PHASE_STRIP = YES;
				ENABLE_NS_ASSERTIONS = NO;
				ENABLE_STRICT_OBJC_MSGSEND = YES;
				GCC_C_LANGUAGE_STANDARD = gnu99;
				GCC_WARN_64_TO_32_BIT_CONVERSION = YES;
				GCC_WARN_ABOUT_RETURN_TYPE = YES_ERROR;
				GCC_WARN_UNDECLARED_SELECTOR = YES;
				GCC_WARN_UNINITIALIZED_AUTOS = YES_AGGRESSIVE;
				GCC_WARN_UNUSED_FUNCTION = YES;
				GCC_WARN_UNUSED_VARIABLE = YES;
				IPHONEOS_DEPLOYMENT_TARGET = 8.0;
				METAL_ENABLE_DEBUG_INFO = NO;
				SDKROOT = iphoneos;
				VALIDATE_PRODUCT = YES;
			};
			name = Release;
		};
		0CEB978119C3DD9E0059C736 /* Debug */ = {
			isa = XCBuildConfiguration;
			buildSettings = {
				ASSETCATALOG_COMPILER_APPICON_NAME = AppIcon;
				ASSETCATALOG_COMPILER_LAUNCHIMAGE_NAME = LaunchImage;
				INFOPLIST_FILE = Attributor/Info.plist;
				IPHONEOS_DEPLOYMENT_TARGET = 7.1;
				LD_RUNPATH_SEARCH_PATHS = "$(inherited) @executable_path/Frameworks";
				PRODUCT_NAME = "$(TARGET_NAME)";
			};
			name = Debug;
		};
		0CEB978219C3DD9E0059C736 /* Release */ = {
			isa = XCBuildConfiguration;
			buildSettings = {
				ASSETCATALOG_COMPILER_APPICON_NAME = AppIcon;
				ASSETCATALOG_COMPILER_LAUNCHIMAGE_NAME = LaunchImage;
				INFOPLIST_FILE = Attributor/Info.plist;
				IPHONEOS_DEPLOYMENT_TARGET = 7.1;
				LD_RUNPATH_SEARCH_PATHS = "$(inherited) @executable_path/Frameworks";
				PRODUCT_NAME = "$(TARGET_NAME)";
			};
			name = Release;
		};
		0CEB978419C3DD9E0059C736 /* Debug */ = {
			isa = XCBuildConfiguration;
			buildSettings = {
				BUNDLE_LOADER = "$(BUILT_PRODUCTS_DIR)/Attributor.app/Attributor";
				FRAMEWORK_SEARCH_PATHS = (
					"$(SDKROOT)/Developer/Library/Frameworks",
					"$(inherited)",
				);
				GCC_PREPROCESSOR_DEFINITIONS = (
					"DEBUG=1",
					"$(inherited)",
				);
				INFOPLIST_FILE = AttributorTests/Info.plist;
				LD_RUNPATH_SEARCH_PATHS = "$(inherited) @executable_path/Frameworks @loader_path/Frameworks";
				METAL_ENABLE_DEBUG_INFO = YES;
				PRODUCT_NAME = "$(TARGET_NAME)";
				TEST_HOST = "$(BUNDLE_LOADER)";
			};
			name = Debug;
		};
		0CEB978519C3DD9E0059C736 /* Release */ = {
			isa = XCBuildConfiguration;
			buildSettings = {
				BUNDLE_LOADER = "$(BUILT_PRODUCTS_DIR)/Attributor.app/Attributor";
				FRAMEWORK_SEARCH_PATHS = (
					"$(SDKROOT)/Developer/Library/Frameworks",
					"$(inherited)",
				);
				INFOPLIST_FILE = AttributorTests/Info.plist;
				LD_RUNPATH_SEARCH_PATHS = "$(inherited) @executable_path/Frameworks @loader_path/Frameworks";
				METAL_ENABLE_DEBUG_INFO = NO;
				PRODUCT_NAME = "$(TARGET_NAME)";
				TEST_HOST = "$(BUNDLE_LOADER)";
			};
			name = Release;
		};
/* End XCBuildConfiguration section */

/* Begin XCConfigurationList section */
		0CEB975B19C3DD9E0059C736 /* Build configuration list for PBXProject "Attributor" */ = {
			isa = XCConfigurationList;
			buildConfigurations = (
				0CEB977E19C3DD9E0059C736 /* Debug */,
				0CEB977F19C3DD9E0059C736 /* Release */,
			);
			defaultConfigurationIsVisible = 0;
			defaultConfigurationName = Release;
		};
		0CEB978019C3DD9E0059C736 /* Build configuration list for PBXNativeTarget "Attributor" */ = {
			isa = XCConfigurationList;
			buildConfigurations = (
				0CEB978119C3DD9E0059C736 /* Debug */,
				0CEB978219C3DD9E0059C736 /* Release */,
			);
			defaultConfigurationIsVisible = 0;
			defaultConfigurationName = Release;
		};
		0CEB978319C3DD9E0059C736 /* Build configuration list for PBXNativeTarget "AttributorTests" */ = {
			isa = XCConfigurationList;
			buildConfigurations = (
				0CEB978419C3DD9E0059C736 /* Debug */,
				0CEB978519C3DD9E0059C736 /* Release */,
			);
			defaultConfigurationIsVisible = 0;
			defaultConfigurationName = Release;
		};
/* End XCConfigurationList section */
	};
	rootObject = 0CEB975819C3DD9E0059C736 /* Project object */;
}
